{
  "object": {
    "pins": [
      {
        "package": "GitKit",
        "repositoryURL": "https://github.com/danielctull/GitKit",
        "state": {
          "branch": "main",
          "revision": "f0f534f5cfbf3edc20c55ad587f0f5c9c50595d1",
          "version": null
        }
      },
      {
        "package": "Tagged",
        "repositoryURL": "https://github.com/pointfreeco/swift-tagged",
        "state": {
          "branch": null,
          "revision": "592e1eb4255c571ebffc29955011e352217501b4",
          "version": "0.5.0"
        }
      }
    ]
  },
  "version": 1
}
