{
  "object": {
    "pins": [
      {
        "package": "GitKit",
        "repositoryURL": "https://github.com/danielctull/GitKit",
        "state": {
          "branch": "main",
          "revision": "28804810fe22fcaa37a1e98646966a0f392ce8fb",
          "version": null
        }
      },
      {
        "package": "swift-tagged",
        "repositoryURL": "https://github.com/pointfreeco/swift-tagged",
        "state": {
          "branch": null,
          "revision": "6c36cf66f58553d0481a2628e3e27177f698a897",
          "version": "0.6.0"
        }
      }
    ]
  },
  "version": 1
}
